
Microsoft Visual Studio Solution File, Format Version 12.00
# Visual Studio Version 17
VisualStudioVersion = 17.5.002.0
MinimumVisualStudioVersion = 10.0.40219.1
Project("{2150E333-8FDC-42A3-9474-1A3956D46DE8}") = "src", "src", "{F8482389-9C3A-412B-BC94-23A8DF471BA6}"
EndProject
Project("{9A19103F-16F7-4668-BE54-9A1E7A4F7556}") = "Benchmarks", "src\Benchmarks\Benchmarks.csproj", "{72F0593E-FF8A-436A-AF15-DFF36CF76904}"
EndProject
Project("{2150E333-8FDC-42A3-9474-1A3956D46DE8}") = "Benchmarks (1)", "Benchmarks", "{D15250F6-2014-498D-BA6B-E0C48327CA6E}"
EndProject
Project("{2150E333-8FDC-42A3-9474-1A3956D46DE8}") = "bin", "bin", "{86DF28D5-4AA0-4CBE-ACEA-28CAB9B1BFF2}"
EndProject
Project("{2150E333-8FDC-42A3-9474-1A3956D46DE8}") = "Release", "Release", "{2AB26354-9EC6-4C5C-97B1-0DB7F5913E30}"
EndProject
Project("{2150E333-8FDC-42A3-9474-1A3956D46DE8}") = "net8.0", "net8.0", "{F67DC73E-B7EE-4DFB-A2EC-5FA83A5FC7DD}"
EndProject
Project("{9A19103F-16F7-4668-BE54-9A1E7A4F7556}") = "BenchmarkDotNet.Autogenerated", "src\Benchmarks\bin\Release\net8.0\7bfbaea4-8df1-40a0-a6ac-cb1cec8e307d\BenchmarkDotNet.Autogenerated.csproj", "{DF8CB776-AA52-49BD-942F-C27610F530C0}"
EndProject
Project("{9A19103F-16F7-4668-BE54-9A1E7A4F7556}") = "BenchmarkDotNet.Autogenerated (1)", "src\Benchmarks\bin\Release\net8.0\f2f21fa5-7b78-44dc-8fed-2d5471864cc7\BenchmarkDotNet.Autogenerated.csproj", "{4E471DB0-97DE-49AF-A120-B4967C02B9BC}"
EndProject
Project("{9A19103F-16F7-4668-BE54-9A1E7A4F7556}") = "BenchmarkDotNet.Autogenerated (2)", "src\Benchmarks\bin\Release\net8.0\dff99baa-60ed-4443-a764-01af6d7ec531\BenchmarkDotNet.Autogenerated.csproj", "{35A6512B-1170-4E3F-8E42-1A60EA3E4AB5}"
EndProject
Project("{9A19103F-16F7-4668-BE54-9A1E7A4F7556}") = "BenchmarkDotNet.Autogenerated (3)", "src\Benchmarks\bin\Release\net8.0\0fc15bb0-e089-44f0-ac0f-3c29beb7b8bd\BenchmarkDotNet.Autogenerated.csproj", "{DD2C0936-3483-431A-9D08-B795CF594376}"
EndProject
Global
	GlobalSection(SolutionConfigurationPlatforms) = preSolution
		Debug|Any CPU = Debug|Any CPU
		Release|Any CPU = Release|Any CPU
	EndGlobalSection
	GlobalSection(ProjectConfigurationPlatforms) = postSolution
		{72F0593E-FF8A-436A-AF15-DFF36CF76904}.Debug|Any CPU.ActiveCfg = Debug|Any CPU
		{72F0593E-FF8A-436A-AF15-DFF36CF76904}.Debug|Any CPU.Build.0 = Debug|Any CPU
		{72F0593E-FF8A-436A-AF15-DFF36CF76904}.Release|Any CPU.ActiveCfg = Release|Any CPU
		{72F0593E-FF8A-436A-AF15-DFF36CF76904}.Release|Any CPU.Build.0 = Release|Any CPU
		{DF8CB776-AA52-49BD-942F-C27610F530C0}.Debug|Any CPU.ActiveCfg = Debug|Any CPU
		{DF8CB776-AA52-49BD-942F-C27610F530C0}.Debug|Any CPU.Build.0 = Debug|Any CPU
		{DF8CB776-AA52-49BD-942F-C27610F530C0}.Release|Any CPU.ActiveCfg = Release|Any CPU
		{DF8CB776-AA52-49BD-942F-C27610F530C0}.Release|Any CPU.Build.0 = Release|Any CPU
		{4E471DB0-97DE-49AF-A120-B4967C02B9BC}.Debug|Any CPU.ActiveCfg = Debug|Any CPU
		{4E471DB0-97DE-49AF-A120-B4967C02B9BC}.Debug|Any CPU.Build.0 = Debug|Any CPU
		{4E471DB0-97DE-49AF-A120-B4967C02B9BC}.Release|Any CPU.ActiveCfg = Release|Any CPU
		{4E471DB0-97DE-49AF-A120-B4967C02B9BC}.Release|Any CPU.Build.0 = Release|Any CPU
		{35A6512B-1170-4E3F-8E42-1A60EA3E4AB5}.Debug|Any CPU.ActiveCfg = Debug|Any CPU
		{35A6512B-1170-4E3F-8E42-1A60EA3E4AB5}.Debug|Any CPU.Build.0 = Debug|Any CPU
		{35A6512B-1170-4E3F-8E42-1A60EA3E4AB5}.Release|Any CPU.ActiveCfg = Release|Any CPU
		{35A6512B-1170-4E3F-8E42-1A60EA3E4AB5}.Release|Any CPU.Build.0 = Release|Any CPU
		{DD2C0936-3483-431A-9D08-B795CF594376}.Debug|Any CPU.ActiveCfg = Debug|Any CPU
		{DD2C0936-3483-431A-9D08-B795CF594376}.Debug|Any CPU.Build.0 = Debug|Any CPU
		{DD2C0936-3483-431A-9D08-B795CF594376}.Release|Any CPU.ActiveCfg = Release|Any CPU
		{DD2C0936-3483-431A-9D08-B795CF594376}.Release|Any CPU.Build.0 = Release|Any CPU
	EndGlobalSection
	GlobalSection(SolutionProperties) = preSolution
		HideSolutionNode = FALSE
	EndGlobalSection
	GlobalSection(NestedProjects) = preSolution
		{72F0593E-FF8A-436A-AF15-DFF36CF76904} = {F8482389-9C3A-412B-BC94-23A8DF471BA6}
		{D15250F6-2014-498D-BA6B-E0C48327CA6E} = {F8482389-9C3A-412B-BC94-23A8DF471BA6}
		{86DF28D5-4AA0-4CBE-ACEA-28CAB9B1BFF2} = {D15250F6-2014-498D-BA6B-E0C48327CA6E}
		{2AB26354-9EC6-4C5C-97B1-0DB7F5913E30} = {86DF28D5-4AA0-4CBE-ACEA-28CAB9B1BFF2}
		{F67DC73E-B7EE-4DFB-A2EC-5FA83A5FC7DD} = {2AB26354-9EC6-4C5C-97B1-0DB7F5913E30}
		{DF8CB776-AA52-49BD-942F-C27610F530C0} = {F67DC73E-B7EE-4DFB-A2EC-5FA83A5FC7DD}
		{4E471DB0-97DE-49AF-A120-B4967C02B9BC} = {F67DC73E-B7EE-4DFB-A2EC-5FA83A5FC7DD}
		{35A6512B-1170-4E3F-8E42-1A60EA3E4AB5} = {F67DC73E-B7EE-4DFB-A2EC-5FA83A5FC7DD}
		{DD2C0936-3483-431A-9D08-B795CF594376} = {F67DC73E-B7EE-4DFB-A2EC-5FA83A5FC7DD}
	EndGlobalSection
	GlobalSection(ExtensibilityGlobals) = postSolution
		SolutionGuid = {0D730C83-302E-459E-82B2-6E16AE250542}
	EndGlobalSection
EndGlobal
