
Microsoft Visual Studio Solution File, Format Version 12.00
# Visual Studio Version 17
VisualStudioVersion = 17.5.002.0
MinimumVisualStudioVersion = 10.0.40219.1
Project("{2150E333-8FDC-42A3-9474-1A3956D46DE8}") = "src", "src", "{2D4F8D5F-C711-4487-B37B-4E612EAA12F9}"
EndProject
Project("{9A19103F-16F7-4668-BE54-9A1E7A4F7556}") = "Benchmarks", "src\Benchmarks\Benchmarks.csproj", "{2936DC87-F231-48C3-8137-E24B2A3A54A9}"
EndProject
Global
	GlobalSection(SolutionConfigurationPlatforms) = preSolution
		Debug|Any CPU = Debug|Any CPU
		Release|Any CPU = Release|Any CPU
	EndGlobalSection
	GlobalSection(ProjectConfigurationPlatforms) = postSolution
		{2936DC87-F231-48C3-8137-E24B2A3A54A9}.Debug|Any CPU.ActiveCfg = Debug|Any CPU
		{2936DC87-F231-48C3-8137-E24B2A3A54A9}.Debug|Any CPU.Build.0 = Debug|Any CPU
		{2936DC87-F231-48C3-8137-E24B2A3A54A9}.Release|Any CPU.ActiveCfg = Release|Any CPU
		{2936DC87-F231-48C3-8137-E24B2A3A54A9}.Release|Any CPU.Build.0 = Release|Any CPU
	EndGlobalSection
	GlobalSection(SolutionProperties) = preSolution
		HideSolutionNode = FALSE
	EndGlobalSection
	GlobalSection(NestedProjects) = preSolution
		{2936DC87-F231-48C3-8137-E24B2A3A54A9} = {2D4F8D5F-C711-4487-B37B-4E612EAA12F9}
	EndGlobalSection
	GlobalSection(ExtensibilityGlobals) = postSolution
		SolutionGuid = {D598BFB3-8060-44EC-B953-5EE74FFEB54E}
	EndGlobalSection
EndGlobal
